{
  "name": "synapse-core",
  "version": "1.0.0",
  "lockfileVersion": 1,
  "requires": true,
  "dependencies": {
    "@types/bluebird": {
      "version": "3.5.20",
      "resolved": "https://registry.npmjs.org/@types/bluebird/-/bluebird-3.5.20.tgz",
      "integrity": "sha512-Wk41MVdF+cHBfVXj/ufUHJeO3BlIQr1McbHZANErMykaCWeDSZbH5erGjNBw2/3UlRdSxZbLfSuQTzFmPOYFsA=="
    },
    "@types/chai": {
      "version": "4.1.4",
      "resolved": "https://registry.npmjs.org/@types/chai/-/chai-4.1.4.tgz",
      "integrity": "sha512-h6+VEw2Vr3ORiFCyyJmcho2zALnUq9cvdB/IO8Xs9itrJVCenC7o26A6+m7D0ihTTr65eS259H5/Ghl/VjYs6g=="
    },
    "@types/mocha": {
      "version": "5.2.2",
      "resolved": "https://registry.npmjs.org/@types/mocha/-/mocha-5.2.2.tgz",
      "integrity": "sha512-tfg9rh2qQhBW6SBqpvfqTgU6lHWGhQURoTrn7NeDF+CEkO9JGYbkzU23EXu6p3bnvDxLeeSX8ohAA23urvWeNw=="
    },
    "@types/node": {
      "version": "10.3.3",
      "resolved": "https://registry.npmjs.org/@types/node/-/node-10.3.3.tgz",
      "integrity": "sha512-/gwCgiI2e9RzzZTKbl+am3vgNqOt7a9fJ/uxv4SqYKxenoEDNVU3KZEadlpusWhQI0A0dOrZ0T68JYKVjzmgdQ=="
    },
    "@types/underscore": {
      "version": "1.8.8",
      "resolved": "https://registry.npmjs.org/@types/underscore/-/underscore-1.8.8.tgz",
      "integrity": "sha512-EquzRwzAAs04anQ8/6MYXFKvHoD+MIlF+gu87EDda7dN9zrKvQYHsc9VFAPB1xY4tUHQVvBMtjsHrvof2EE1Mg=="
    },
    "ansi-regex": {
      "version": "4.0.0",
      "resolved": "https://registry.npmjs.org/ansi-regex/-/ansi-regex-4.0.0.tgz",
      "integrity": "sha512-iB5Dda8t/UqpPI/IjsejXu5jOGDrzn41wJyljwPH65VCIbk6+1BzFIMJGFwTNrYXT1CrD+B4l19U7awiQ8rk7w=="
    },
    "ansi-styles": {
      "version": "3.2.1",
      "resolved": "https://registry.npmjs.org/ansi-styles/-/ansi-styles-3.2.1.tgz",
      "integrity": "sha512-VT0ZI6kZRdTh8YyJw3SMbYm/u+NqfsAxEpWO0Pf9sq8/e94WxxOpPKx9FR1FlyCtOVDNOQ+8ntlqFxiRc+r5qA==",
      "requires": {
        "color-convert": "1.9.3"
      }
    },
    "app-root-path": {
      "version": "2.0.1",
      "resolved": "https://registry.npmjs.org/app-root-path/-/app-root-path-2.0.1.tgz",
      "integrity": "sha1-zWLc+OT9WkF+/GZNLlsQZTxlG0Y="
    },
    "array-uniq": {
      "version": "1.0.2",
      "resolved": "https://registry.npmjs.org/array-uniq/-/array-uniq-1.0.2.tgz",
      "integrity": "sha1-X8w3OSB3VyPP1k1lxkvvU7+eum0="
    },
    "async": {
      "version": "1.0.0",
      "resolved": "https://registry.npmjs.org/async/-/async-1.0.0.tgz",
      "integrity": "sha1-+PwEyjoTeErenhZBr5hXjPvWR6k="
    },
    "babel-polyfill": {
      "version": "6.26.0",
      "resolved": "https://registry.npmjs.org/babel-polyfill/-/babel-polyfill-6.26.0.tgz",
      "integrity": "sha1-N5k3q8Z9eJWXCtxiHyhM2WbPIVM=",
      "requires": {
        "babel-runtime": "6.26.0",
        "core-js": "2.6.5",
        "regenerator-runtime": "0.10.5"
      }
    },
    "babel-runtime": {
      "version": "6.26.0",
      "resolved": "https://registry.npmjs.org/babel-runtime/-/babel-runtime-6.26.0.tgz",
      "integrity": "sha1-llxwWGaOgrVde/4E/yM3vItWR/4=",
      "requires": {
        "core-js": "2.6.5",
        "regenerator-runtime": "0.11.1"
      },
      "dependencies": {
        "regenerator-runtime": {
          "version": "0.11.1",
          "resolved": "https://registry.npmjs.org/regenerator-runtime/-/regenerator-runtime-0.11.1.tgz",
          "integrity": "sha512-MguG95oij0fC3QV3URf4V2SDYGJhJnJGqvIIgdECeODCT98wSWDAJ94SSuVpYQUoTcGUIL6L4yNB7j1DFFHSBg=="
        }
      }
    },
    "bluebird": {
      "version": "3.5.3",
      "resolved": "https://registry.npmjs.org/bluebird/-/bluebird-3.5.3.tgz",
      "integrity": "sha512-/qKPUQlaW1OyR51WeCPBvRnAlnZFUJkCSG5HzGnuIqhgyJtF+T94lFnn33eiazjRm2LAHVy2guNnaq48X9SJuw=="
    },
    "bson": {
      "version": "2.0.0",
      "resolved": "https://registry.npmjs.org/bson/-/bson-2.0.0.tgz",
      "integrity": "sha512-/4AkyMesjwo5BHoqt+qLcDXrqOF5lcIR34rWQCDYNNwCk8VdGPxDVvOrjV+PODIp85nKPpr0Vtu4VR2IkPbV5w=="
    },
    "chalk": {
      "version": "2.4.2",
      "resolved": "https://registry.npmjs.org/chalk/-/chalk-2.4.2.tgz",
      "integrity": "sha512-Mti+f9lpJNcwF4tWV8/OrTTtF1gZi+f8FqlyAdouralcFWFQWF2+NgCHShjkCb+IFBLq9buZwE1xckQU4peSuQ==",
      "requires": {
        "ansi-styles": "3.2.1",
        "escape-string-regexp": "1.0.5",
        "supports-color": "5.5.0"
      }
    },
    "cli-cursor": {
      "version": "2.1.0",
      "resolved": "https://registry.npmjs.org/cli-cursor/-/cli-cursor-2.1.0.tgz",
      "integrity": "sha1-s12sN2R5+sw+lHR9QdDQ9SOP/LU=",
      "requires": {
        "restore-cursor": "2.0.0"
      }
    },
    "cli-spinners": {
      "version": "2.0.0",
      "resolved": "https://registry.npmjs.org/cli-spinners/-/cli-spinners-2.0.0.tgz",
      "integrity": "sha512-yiEBmhaKPPeBj7wWm4GEdtPZK940p9pl3EANIrnJ3JnvWyrPjcFcsEq6qRUuQ7fzB0+Y82ld3p6B34xo95foWw=="
    },
    "clone": {
      "version": "1.0.4",
      "resolved": "https://registry.npmjs.org/clone/-/clone-1.0.4.tgz",
      "integrity": "sha1-2jCcwmPfFZlMaIypAheco8fNfH4="
    },
    "color-convert": {
      "version": "1.9.3",
      "resolved": "https://registry.npmjs.org/color-convert/-/color-convert-1.9.3.tgz",
      "integrity": "sha512-QfAUtd+vFdAtFQcC8CCyYt1fYWxSqAiK2cSD6zDB8N3cpsEBAvRxp9zOGg6G/SHHJYAT88/az/IuDGALsNVbGg==",
      "requires": {
        "color-name": "1.1.3"
      }
    },
    "color-name": {
      "version": "1.1.3",
      "resolved": "https://registry.npmjs.org/color-name/-/color-name-1.1.3.tgz",
      "integrity": "sha1-p9BVi9icQveV3UIyj3QIMcpTvCU="
    },
    "colors": {
      "version": "1.0.3",
      "resolved": "https://registry.npmjs.org/colors/-/colors-1.0.3.tgz",
      "integrity": "sha1-BDP0TYCWgP3rYO0mDxsMJi6CpAs="
    },
    "comedy": {
      "version": "2.0.0",
      "resolved": "https://registry.npmjs.org/comedy/-/comedy-2.0.0.tgz",
      "integrity": "sha512-nEQfFjEDALbJdEOYRKA628X5NyiAVRZg2YJFuHuS9ItRwjgtB9MkqxUvCq/0Rzvs+zT/3R42SVDe06lukaEyog==",
      "requires": {
        "@types/bluebird": "3.5.20",
        "@types/chai": "4.1.4",
        "@types/mocha": "5.2.2",
        "@types/node": "10.3.3",
        "@types/underscore": "1.8.8",
        "app-root-path": "2.0.1",
        "babel-polyfill": "6.26.0",
        "bluebird": "3.4.6",
        "bson": "2.0.0",
        "jsondiffpatch": "0.3.11",
        "randomstring": "1.1.5",
        "require-dir": "0.3.2",
        "toobusy-js": "0.5.1",
        "tosource": "1.0.0",
        "underscore": "1.8.3",
        "underscore.string": "3.3.5",
        "winston": "2.2.0"
      },
      "dependencies": {
        "bluebird": {
          "version": "3.4.6",
          "resolved": "https://registry.npmjs.org/bluebird/-/bluebird-3.4.6.tgz",
          "integrity": "sha1-AdqNgh2HgT0ViWfnQ9X+bGLPjA8="
        }
      }
    },
    "core-js": {
      "version": "2.6.5",
      "resolved": "https://registry.npmjs.org/core-js/-/core-js-2.6.5.tgz",
      "integrity": "sha512-klh/kDpwX8hryYL14M9w/xei6vrv6sE8gTHDG7/T/+SEovB/G4ejwcfE/CBzO6Edsu+OETZMZ3wcX/EjUkrl5A=="
    },
    "cycle": {
      "version": "1.0.3",
      "resolved": "https://registry.npmjs.org/cycle/-/cycle-1.0.3.tgz",
      "integrity": "sha1-IegLK+hYD5i0aPN5QwZisEbDStI="
    },
    "defaults": {
      "version": "1.0.3",
      "resolved": "https://registry.npmjs.org/defaults/-/defaults-1.0.3.tgz",
      "integrity": "sha1-xlYFHpgX2f8I7YgUd/P+QBnz730=",
      "requires": {
        "clone": "1.0.4"
      }
    },
    "diff-match-patch": {
      "version": "1.0.4",
      "resolved": "https://registry.npmjs.org/diff-match-patch/-/diff-match-patch-1.0.4.tgz",
      "integrity": "sha512-Uv3SW8bmH9nAtHKaKSanOQmj2DnlH65fUpcrMdfdaOxUG02QQ4YGZ8AE7kKOMisF7UqvOlGKVYWRvezdncW9lg=="
    },
    "escape-string-regexp": {
      "version": "1.0.5",
      "resolved": "https://registry.npmjs.org/escape-string-regexp/-/escape-string-regexp-1.0.5.tgz",
      "integrity": "sha1-G2HAViGQqN/2rjuyzwIAyhMLhtQ="
    },
    "eyes": {
      "version": "0.1.8",
      "resolved": "https://registry.npmjs.org/eyes/-/eyes-0.1.8.tgz",
      "integrity": "sha1-Ys8SAjTGg3hdkCNIqADvPgzCC8A="
    },
    "has-flag": {
      "version": "3.0.0",
      "resolved": "https://registry.npmjs.org/has-flag/-/has-flag-3.0.0.tgz",
      "integrity": "sha1-tdRU3CGZriJWmfNGfloH87lVuv0="
    },
    "isstream": {
      "version": "0.1.2",
      "resolved": "https://registry.npmjs.org/isstream/-/isstream-0.1.2.tgz",
      "integrity": "sha1-R+Y/evVa+m+S4VAOaQ64uFKcCZo="
    },
    "jsondiffpatch": {
      "version": "0.3.11",
      "resolved": "https://registry.npmjs.org/jsondiffpatch/-/jsondiffpatch-0.3.11.tgz",
      "integrity": "sha512-Xi3Iygdt/BGhml6bdUFhgDki1TgOsp3hG3iiH3KtzP+CahtGcdPfKRLlnZbSw+3b1umZkhmKrqXUgUcKenyhtA==",
      "requires": {
        "chalk": "2.4.2",
        "diff-match-patch": "1.0.4"
      }
    },
    "log-symbols": {
      "version": "2.2.0",
      "resolved": "https://registry.npmjs.org/log-symbols/-/log-symbols-2.2.0.tgz",
      "integrity": "sha512-VeIAFslyIerEJLXHziedo2basKbMKtTw3vfn5IzG0XTjhAVEJyNHnL2p7vc+wBDSdQuUpNw3M2u6xb9QsAY5Eg==",
      "requires": {
        "chalk": "2.4.2"
      }
    },
    "mimic-fn": {
      "version": "1.2.0",
      "resolved": "https://registry.npmjs.org/mimic-fn/-/mimic-fn-1.2.0.tgz",
      "integrity": "sha512-jf84uxzwiuiIVKiOLpfYk7N46TSy8ubTonmneY9vrpHNAnp0QBt2BxWV9dO3/j+BoVAb+a5G6YDPW3M5HOdMWQ=="
    },
    "onetime": {
      "version": "2.0.1",
      "resolved": "https://registry.npmjs.org/onetime/-/onetime-2.0.1.tgz",
      "integrity": "sha1-BnQoIw/WdEOyeUsiu6UotoZ5YtQ=",
      "requires": {
        "mimic-fn": "1.2.0"
      }
    },
    "ora": {
      "version": "3.2.0",
      "resolved": "https://registry.npmjs.org/ora/-/ora-3.2.0.tgz",
      "integrity": "sha512-XHMZA5WieCbtg+tu0uPF8CjvwQdNzKCX6BVh3N6GFsEXH40mTk5dsw/ya1lBTUGJslcEFJFQ8cBhOgkkZXQtMA==",
      "requires": {
        "chalk": "2.4.2",
        "cli-cursor": "2.1.0",
        "cli-spinners": "2.0.0",
        "log-symbols": "2.2.0",
        "strip-ansi": "5.0.0",
        "wcwidth": "1.0.1"
      }
    },
    "pkginfo": {
      "version": "0.3.1",
      "resolved": "https://registry.npmjs.org/pkginfo/-/pkginfo-0.3.1.tgz",
      "integrity": "sha1-Wyn2qB9wcXFC4J52W76rl7T4HiE="
    },
    "randomstring": {
      "version": "1.1.5",
      "resolved": "https://registry.npmjs.org/randomstring/-/randomstring-1.1.5.tgz",
      "integrity": "sha1-bfBij3XL1ZMpMNn+OrTpVqGFGMM=",
      "requires": {
        "array-uniq": "1.0.2"
      }
    },
    "regenerator-runtime": {
      "version": "0.10.5",
      "resolved": "https://registry.npmjs.org/regenerator-runtime/-/regenerator-runtime-0.10.5.tgz",
      "integrity": "sha1-M2w+/BIgrc7dosn6tntaeVWjNlg="
    },
    "require-dir": {
      "version": "0.3.2",
      "resolved": "https://registry.npmjs.org/require-dir/-/require-dir-0.3.2.tgz",
      "integrity": "sha1-wdXHXp+//eny5rM+OD209ZS1pqk="
    },
    "restore-cursor": {
      "version": "2.0.0",
      "resolved": "https://registry.npmjs.org/restore-cursor/-/restore-cursor-2.0.0.tgz",
      "integrity": "sha1-n37ih/gv0ybU/RYpI9YhKe7g368=",
      "requires": {
        "onetime": "2.0.1",
        "signal-exit": "3.0.2"
      }
    },
    "signal-exit": {
      "version": "3.0.2",
      "resolved": "https://registry.npmjs.org/signal-exit/-/signal-exit-3.0.2.tgz",
      "integrity": "sha1-tf3AjxKH6hF4Yo5BXiUTK3NkbG0="
    },
    "sprintf-js": {
      "version": "1.1.2",
      "resolved": "https://registry.npmjs.org/sprintf-js/-/sprintf-js-1.1.2.tgz",
      "integrity": "sha512-VE0SOVEHCk7Qc8ulkWw3ntAzXuqf7S2lvwQaDLRnUeIEaKNQJzV6BwmLKhOqT61aGhfUMrXeaBk+oDGCzvhcug=="
    },
    "stack-trace": {
      "version": "0.0.10",
      "resolved": "https://registry.npmjs.org/stack-trace/-/stack-trace-0.0.10.tgz",
      "integrity": "sha1-VHxws0fo0ytOEI6hoqFZ5f3eGcA="
    },
    "strip-ansi": {
      "version": "5.0.0",
      "resolved": "https://registry.npmjs.org/strip-ansi/-/strip-ansi-5.0.0.tgz",
      "integrity": "sha512-Uu7gQyZI7J7gn5qLn1Np3G9vcYGTVqB+lFTytnDJv83dd8T22aGH451P3jueT2/QemInJDfxHB5Tde5OzgG1Ow==",
      "requires": {
        "ansi-regex": "4.0.0"
      }
    },
    "supports-color": {
      "version": "5.5.0",
      "resolved": "https://registry.npmjs.org/supports-color/-/supports-color-5.5.0.tgz",
      "integrity": "sha512-QjVjwdXIt408MIiAqCX4oUKsgU2EqAGzs2Ppkm4aQYbjm+ZEWEcW4SfFNTr4uMNZma0ey4f5lgLrkB0aX0QMow==",
      "requires": {
        "has-flag": "3.0.0"
      }
    },
    "toobusy-js": {
      "version": "0.5.1",
      "resolved": "https://registry.npmjs.org/toobusy-js/-/toobusy-js-0.5.1.tgz",
      "integrity": "sha1-VRH3j2qHpqUS1E/bDvoTZyIX9lk="
    },
    "tosource": {
      "version": "1.0.0",
      "resolved": "https://registry.npmjs.org/tosource/-/tosource-1.0.0.tgz",
      "integrity": "sha1-QtiN0RZhi88A1hBt1URvNCeQL/E="
    },
    "underscore": {
      "version": "1.8.3",
      "resolved": "https://registry.npmjs.org/underscore/-/underscore-1.8.3.tgz",
      "integrity": "sha1-Tz+1OxBuYJf8+ctBCfKl6b36UCI="
    },
    "underscore.string": {
      "version": "3.3.5",
      "resolved": "https://registry.npmjs.org/underscore.string/-/underscore.string-3.3.5.tgz",
      "integrity": "sha512-g+dpmgn+XBneLmXXo+sGlW5xQEt4ErkS3mgeN2GFbremYeMBSJKr9Wf2KJplQVaiPY/f7FN6atosWYNm9ovrYg==",
      "requires": {
        "sprintf-js": "1.1.2",
        "util-deprecate": "1.0.2"
      }
    },
    "util-deprecate": {
      "version": "1.0.2",
      "resolved": "https://registry.npmjs.org/util-deprecate/-/util-deprecate-1.0.2.tgz",
      "integrity": "sha1-RQ1Nyfpw3nMnYvvS1KKJgUGaDM8="
    },
    "wcwidth": {
      "version": "1.0.1",
      "resolved": "https://registry.npmjs.org/wcwidth/-/wcwidth-1.0.1.tgz",
      "integrity": "sha1-8LDc+RW8X/FSivrbLA4XtTLaL+g=",
      "requires": {
        "defaults": "1.0.3"
      }
    },
    "winston": {
      "version": "2.2.0",
      "resolved": "https://registry.npmjs.org/winston/-/winston-2.2.0.tgz",
      "integrity": "sha1-LIU92Hq1UqjoSF1yy7+aIobwKbc=",
      "requires": {
        "async": "1.0.0",
        "colors": "1.0.3",
        "cycle": "1.0.3",
        "eyes": "0.1.8",
        "isstream": "0.1.2",
        "pkginfo": "0.3.1",
        "stack-trace": "0.0.10"
      }
    }
  }
}
